
Microsoft Visual Studio Solution File, Format Version 12.00
# Visual Studio Version 16
VisualStudioVersion = 16.0.30907.101
MinimumVisualStudioVersion = 10.0.40219.1
Project("{FAE04EC0-301F-11D3-BF4B-00C04F79EFBC}") = "MaHoa", "MaHoa\MaHoa.csproj", "{43E3B1DA-A6F7-4A89-AFBF-91B417F66000}"
EndProject
Global
	GlobalSection(SolutionConfigurationPlatforms) = preSolution
		Debug|Any CPU = Debug|Any CPU
		Release|Any CPU = Release|Any CPU
	EndGlobalSection
	GlobalSection(ProjectConfigurationPlatforms) = postSolution
		{43E3B1DA-A6F7-4A89-AFBF-91B417F66000}.Debug|Any CPU.ActiveCfg = Debug|Any CPU
		{43E3B1DA-A6F7-4A89-AFBF-91B417F66000}.Debug|Any CPU.Build.0 = Debug|Any CPU
		{43E3B1DA-A6F7-4A89-AFBF-91B417F66000}.Release|Any CPU.ActiveCfg = Release|Any CPU
		{43E3B1DA-A6F7-4A89-AFBF-91B417F66000}.Release|Any CPU.Build.0 = Release|Any CPU
	EndGlobalSection
	GlobalSection(SolutionProperties) = preSolution
		HideSolutionNode = FALSE
	EndGlobalSection
	GlobalSection(ExtensibilityGlobals) = postSolution
		SolutionGuid = {3D0DB11B-63A7-4B06-BAD4-0C77D8776D30}
	EndGlobalSection
EndGlobal
